<?xml version="1.0" encoding="utf-8"?>
<Project ToolsVersion="4.0" xmlns="http://schemas.microsoft.com/developer/msbuild/2003">
  <ItemGroup>
    <Filter Include="ソース ファイル">
      <UniqueIdentifier>{4FC737F1-C7A5-4376-A066-2A32D752A2FF}</UniqueIdentifier>
      <Extensions>cpp;c;cc;cxx;def;odl;idl;hpj;bat;asm;asmx</Extensions>
    </Filter>
    <Filter Include="ヘッダー ファイル">
      <UniqueIdentifier>{93995380-89BD-4b04-88EB-625FBE52EBFB}</UniqueIdentifier>
      <Extensions>h;hpp;hxx;hm;inl;inc;xsd</Extensions>
    </Filter>
    <Filter Include="リソース ファイル">
      <UniqueIdentifier>{67DA6AB6-F800-4c08-8B7A-83BB121AAD01}</UniqueIdentifier>
      <Extensions>rc;ico;cur;bmp;dlg;rc2;rct;bin;rgs;gif;jpg;jpeg;jpe;resx;tiff;tif;png;wav;mfcribbon-ms</Extensions>
    </Filter>
    <Filter Include="ヘッダー ファイル\Stage">
      <UniqueIdentifier>{4414a478-2d42-4e74-a945-3640e3600a3d}</UniqueIdentifier>
    </Filter>
    <Filter Include="ソース ファイル\Stage">
      <UniqueIdentifier>{de23593c-330b-4715-b467-11df473475a7}</UniqueIdentifier>
    </Filter>
    <Filter Include="ソース ファイル\Stage\Parser">
      <UniqueIdentifier>{d9bd40ee-25c7-4c04-9dd6-3b7d543e25fd}</UniqueIdentifier>
    </Filter>
    <Filter Include="ヘッダー ファイル\Stage\Parser">
      <UniqueIdentifier>{369ac1ff-78c6-484a-8881-d9ed3b90c2b8}</UniqueIdentifier>
    </Filter>
    <Filter Include="ヘッダー ファイル\Stage\Gimmick">
      <UniqueIdentifier>{251d8856-927a-4b44-9615-5c2386d15842}</UniqueIdentifier>
    </Filter>
    <Filter Include="ソース ファイル\Stage\Gimmick">
      <UniqueIdentifier>{eb1d009f-81a7-48cf-98cf-41eda1f6da4d}</UniqueIdentifier>
    </Filter>
  </ItemGroup>
  <ItemGroup>
    <ClCompile Include="WinMain.cpp">
      <Filter>ソース ファイル</Filter>
    </ClCompile>
    <ClCompile Include="GameApp.cpp">
      <Filter>ソース ファイル</Filter>
    </ClCompile>
    <ClCompile Include="Stage.cpp">
      <Filter>ソース ファイル\Stage</Filter>
    </ClCompile>
    <ClCompile Include="StageObject.cpp">
      <Filter>ソース ファイル\Stage</Filter>
    </ClCompile>
    <ClCompile Include="JsonStageParser.cpp">
      <Filter>ソース ファイル\Stage\Parser</Filter>
    </ClCompile>
    <ClCompile Include="GimmickBase.cpp">
      <Filter>ソース ファイル\Stage\Gimmick</Filter>
    </ClCompile>
    <ClCompile Include="Elevator.cpp">
      <Filter>ソース ファイル\Stage\Gimmick</Filter>
    </ClCompile>
  </ItemGroup>
  <ItemGroup>
    <ClInclude Include="GameApp.h">
      <Filter>ヘッダー ファイル</Filter>
    </ClInclude>
    <ClInclude Include="Stage.h">
      <Filter>ヘッダー ファイル\Stage</Filter>
    </ClInclude>
    <ClInclude Include="StageDefine.h">
      <Filter>ヘッダー ファイル\Stage</Filter>
    </ClInclude>
    <ClInclude Include="StageObject.h">
      <Filter>ヘッダー ファイル\Stage</Filter>
    </ClInclude>
    <ClInclude Include="StageParser.h">
      <Filter>ヘッダー ファイル\Stage\Parser</Filter>
    </ClInclude>
    <ClInclude Include="JsonStageParser.h">
      <Filter>ヘッダー ファイル\Stage\Parser</Filter>
    </ClInclude>
    <ClInclude Include="GimmickBase.h">
      <Filter>ヘッダー ファイル\Stage\Gimmick</Filter>
    </ClInclude>
    <ClInclude Include="Elevator.h">
      <Filter>ヘッダー ファイル\Stage\Gimmick</Filter>
    </ClInclude>
  </ItemGroup>
  <ItemGroup>
    <ResourceCompile Include="Version.rc">
      <Filter>リソース ファイル</Filter>
    </ResourceCompile>
  </ItemGroup>
</Project>