
Microsoft Visual Studio Solution File, Format Version 12.00
# Visual Studio Version 16
VisualStudioVersion = 16.0.30717.126
MinimumVisualStudioVersion = 10.0.40219.1
Project("{8BC9CEB8-8B4A-11D0-8D11-00A0C91BC942}") = "RatchetApplication", "RatchetApplication\RatchetApplication.vcxproj", "{14677A1D-5224-40D4-BBD7-8639DF69E703}"
EndProject
Project("{8BC9CEB8-8B4A-11D0-8D11-00A0C91BC942}") = "CameraControllerTest", "CameraControllerTest\CameraControllerTest.vcxproj", "{A0FD6DB7-0E4D-4458-B759-9B52671B358B}"
EndProject
Project("{8BC9CEB8-8B4A-11D0-8D11-00A0C91BC942}") = "StageTest", "StageTest\StageTest.vcxproj", "{52AA312E-559D-4101-B6CF-538EB5C75B27}"
EndProject
Project("{8BC9CEB8-8B4A-11D0-8D11-00A0C91BC942}") = "GameSystemTest", "GameSystemTest\GameSystemTest.vcxproj", "{73D854F5-54A2-4446-9541-DD0870927878}"
EndProject
Project("{8BC9CEB8-8B4A-11D0-8D11-00A0C91BC942}") = "EffectTest", "EffectTest\EffectTest.vcxproj", "{BC4F1749-32BC-4295-BA19-6BA135B9A78F}"
EndProject
Project("{8BC9CEB8-8B4A-11D0-8D11-00A0C91BC942}") = "LightTest", "LightTest\LightTest.vcxproj", "{5E7530C1-191E-43E7-8BA4-80EC0F3D9AD3}"
EndProject
Global
	GlobalSection(SolutionConfigurationPlatforms) = preSolution
		ConsoleDebug|x64 = ConsoleDebug|x64
		ConsoleDebug|x86 = ConsoleDebug|x86
		ConsoleRelease|x64 = ConsoleRelease|x64
		ConsoleRelease|x86 = ConsoleRelease|x86
		Debug|x64 = Debug|x64
		Debug|x86 = Debug|x86
		Release|x64 = Release|x64
		Release|x86 = Release|x86
		TestDebug|x64 = TestDebug|x64
		TestDebug|x86 = TestDebug|x86
	EndGlobalSection
	GlobalSection(ProjectConfigurationPlatforms) = postSolution
		{14677A1D-5224-40D4-BBD7-8639DF69E703}.ConsoleDebug|x64.ActiveCfg = ConsoleDebug|x64
		{14677A1D-5224-40D4-BBD7-8639DF69E703}.ConsoleDebug|x64.Build.0 = ConsoleDebug|x64
		{14677A1D-5224-40D4-BBD7-8639DF69E703}.ConsoleDebug|x86.ActiveCfg = ConsoleDebug|Win32
		{14677A1D-5224-40D4-BBD7-8639DF69E703}.ConsoleDebug|x86.Build.0 = ConsoleDebug|Win32
		{14677A1D-5224-40D4-BBD7-8639DF69E703}.ConsoleRelease|x64.ActiveCfg = ConsoleRelease|x64
		{14677A1D-5224-40D4-BBD7-8639DF69E703}.ConsoleRelease|x64.Build.0 = ConsoleRelease|x64
		{14677A1D-5224-40D4-BBD7-8639DF69E703}.ConsoleRelease|x86.ActiveCfg = ConsoleRelease|Win32
		{14677A1D-5224-40D4-BBD7-8639DF69E703}.ConsoleRelease|x86.Build.0 = ConsoleRelease|Win32
		{14677A1D-5224-40D4-BBD7-8639DF69E703}.Debug|x64.ActiveCfg = Debug|x64
		{14677A1D-5224-40D4-BBD7-8639DF69E703}.Debug|x64.Build.0 = Debug|x64
		{14677A1D-5224-40D4-BBD7-8639DF69E703}.Debug|x86.ActiveCfg = Debug|Win32
		{14677A1D-5224-40D4-BBD7-8639DF69E703}.Debug|x86.Build.0 = Debug|Win32
		{14677A1D-5224-40D4-BBD7-8639DF69E703}.Release|x64.ActiveCfg = Release|x64
		{14677A1D-5224-40D4-BBD7-8639DF69E703}.Release|x64.Build.0 = Release|x64
		{14677A1D-5224-40D4-BBD7-8639DF69E703}.Release|x86.ActiveCfg = Release|Win32
		{14677A1D-5224-40D4-BBD7-8639DF69E703}.Release|x86.Build.0 = Release|Win32
		{14677A1D-5224-40D4-BBD7-8639DF69E703}.TestDebug|x64.ActiveCfg = TestDebug|x64
		{14677A1D-5224-40D4-BBD7-8639DF69E703}.TestDebug|x64.Build.0 = TestDebug|x64
		{14677A1D-5224-40D4-BBD7-8639DF69E703}.TestDebug|x86.ActiveCfg = TestDebug|Win32
		{14677A1D-5224-40D4-BBD7-8639DF69E703}.TestDebug|x86.Build.0 = TestDebug|Win32
		{A0FD6DB7-0E4D-4458-B759-9B52671B358B}.ConsoleDebug|x64.ActiveCfg = Debug|x64
		{A0FD6DB7-0E4D-4458-B759-9B52671B358B}.ConsoleDebug|x64.Build.0 = Debug|x64
		{A0FD6DB7-0E4D-4458-B759-9B52671B358B}.ConsoleDebug|x86.ActiveCfg = Debug|Win32
		{A0FD6DB7-0E4D-4458-B759-9B52671B358B}.ConsoleDebug|x86.Build.0 = Debug|Win32
		{A0FD6DB7-0E4D-4458-B759-9B52671B358B}.ConsoleRelease|x64.ActiveCfg = Release|x64
		{A0FD6DB7-0E4D-4458-B759-9B52671B358B}.ConsoleRelease|x64.Build.0 = Release|x64
		{A0FD6DB7-0E4D-4458-B759-9B52671B358B}.ConsoleRelease|x86.ActiveCfg = Release|Win32
		{A0FD6DB7-0E4D-4458-B759-9B52671B358B}.ConsoleRelease|x86.Build.0 = Release|Win32
		{A0FD6DB7-0E4D-4458-B759-9B52671B358B}.Debug|x64.ActiveCfg = Debug|x64
		{A0FD6DB7-0E4D-4458-B759-9B52671B358B}.Debug|x64.Build.0 = Debug|x64
		{A0FD6DB7-0E4D-4458-B759-9B52671B358B}.Debug|x86.ActiveCfg = Debug|Win32
		{A0FD6DB7-0E4D-4458-B759-9B52671B358B}.Debug|x86.Build.0 = Debug|Win32
		{A0FD6DB7-0E4D-4458-B759-9B52671B358B}.Release|x64.ActiveCfg = Release|x64
		{A0FD6DB7-0E4D-4458-B759-9B52671B358B}.Release|x64.Build.0 = Release|x64
		{A0FD6DB7-0E4D-4458-B759-9B52671B358B}.Release|x86.ActiveCfg = Release|Win32
		{A0FD6DB7-0E4D-4458-B759-9B52671B358B}.Release|x86.Build.0 = Release|Win32
		{A0FD6DB7-0E4D-4458-B759-9B52671B358B}.TestDebug|x64.ActiveCfg = TestDebug|x64
		{A0FD6DB7-0E4D-4458-B759-9B52671B358B}.TestDebug|x64.Build.0 = TestDebug|x64
		{A0FD6DB7-0E4D-4458-B759-9B52671B358B}.TestDebug|x86.ActiveCfg = TestDebug|Win32
		{A0FD6DB7-0E4D-4458-B759-9B52671B358B}.TestDebug|x86.Build.0 = TestDebug|Win32
		{52AA312E-559D-4101-B6CF-538EB5C75B27}.ConsoleDebug|x64.ActiveCfg = Debug|x64
		{52AA312E-559D-4101-B6CF-538EB5C75B27}.ConsoleDebug|x64.Build.0 = Debug|x64
		{52AA312E-559D-4101-B6CF-538EB5C75B27}.ConsoleDebug|x86.ActiveCfg = Debug|Win32
		{52AA312E-559D-4101-B6CF-538EB5C75B27}.ConsoleDebug|x86.Build.0 = Debug|Win32
		{52AA312E-559D-4101-B6CF-538EB5C75B27}.ConsoleRelease|x64.ActiveCfg = Release|x64
		{52AA312E-559D-4101-B6CF-538EB5C75B27}.ConsoleRelease|x64.Build.0 = Release|x64
		{52AA312E-559D-4101-B6CF-538EB5C75B27}.ConsoleRelease|x86.ActiveCfg = Release|Win32
		{52AA312E-559D-4101-B6CF-538EB5C75B27}.ConsoleRelease|x86.Build.0 = Release|Win32
		{52AA312E-559D-4101-B6CF-538EB5C75B27}.Debug|x64.ActiveCfg = Debug|x64
		{52AA312E-559D-4101-B6CF-538EB5C75B27}.Debug|x64.Build.0 = Debug|x64
		{52AA312E-559D-4101-B6CF-538EB5C75B27}.Debug|x86.ActiveCfg = Debug|Win32
		{52AA312E-559D-4101-B6CF-538EB5C75B27}.Debug|x86.Build.0 = Debug|Win32
		{52AA312E-559D-4101-B6CF-538EB5C75B27}.Release|x64.ActiveCfg = Release|x64
		{52AA312E-559D-4101-B6CF-538EB5C75B27}.Release|x64.Build.0 = Release|x64
		{52AA312E-559D-4101-B6CF-538EB5C75B27}.Release|x86.ActiveCfg = Release|Win32
		{52AA312E-559D-4101-B6CF-538EB5C75B27}.Release|x86.Build.0 = Release|Win32
		{52AA312E-559D-4101-B6CF-538EB5C75B27}.TestDebug|x64.ActiveCfg = TestDebug|x64
		{52AA312E-559D-4101-B6CF-538EB5C75B27}.TestDebug|x64.Build.0 = TestDebug|x64
		{52AA312E-559D-4101-B6CF-538EB5C75B27}.TestDebug|x86.ActiveCfg = TestDebug|Win32
		{52AA312E-559D-4101-B6CF-538EB5C75B27}.TestDebug|x86.Build.0 = TestDebug|Win32
		{73D854F5-54A2-4446-9541-DD0870927878}.ConsoleDebug|x64.ActiveCfg = Debug|x64
		{73D854F5-54A2-4446-9541-DD0870927878}.ConsoleDebug|x64.Build.0 = Debug|x64
		{73D854F5-54A2-4446-9541-DD0870927878}.ConsoleDebug|x86.ActiveCfg = Debug|Win32
		{73D854F5-54A2-4446-9541-DD0870927878}.ConsoleDebug|x86.Build.0 = Debug|Win32
		{73D854F5-54A2-4446-9541-DD0870927878}.ConsoleRelease|x64.ActiveCfg = Release|x64
		{73D854F5-54A2-4446-9541-DD0870927878}.ConsoleRelease|x64.Build.0 = Release|x64
		{73D854F5-54A2-4446-9541-DD0870927878}.ConsoleRelease|x86.ActiveCfg = Release|Win32
		{73D854F5-54A2-4446-9541-DD0870927878}.ConsoleRelease|x86.Build.0 = Release|Win32
		{73D854F5-54A2-4446-9541-DD0870927878}.Debug|x64.ActiveCfg = Debug|x64
		{73D854F5-54A2-4446-9541-DD0870927878}.Debug|x64.Build.0 = Debug|x64
		{73D854F5-54A2-4446-9541-DD0870927878}.Debug|x86.ActiveCfg = Debug|Win32
		{73D854F5-54A2-4446-9541-DD0870927878}.Debug|x86.Build.0 = Debug|Win32
		{73D854F5-54A2-4446-9541-DD0870927878}.Release|x64.ActiveCfg = Release|x64
		{73D854F5-54A2-4446-9541-DD0870927878}.Release|x64.Build.0 = Release|x64
		{73D854F5-54A2-4446-9541-DD0870927878}.Release|x86.ActiveCfg = Release|Win32
		{73D854F5-54A2-4446-9541-DD0870927878}.Release|x86.Build.0 = Release|Win32
		{73D854F5-54A2-4446-9541-DD0870927878}.TestDebug|x64.ActiveCfg = TestDebug|x64
		{73D854F5-54A2-4446-9541-DD0870927878}.TestDebug|x64.Build.0 = TestDebug|x64
		{73D854F5-54A2-4446-9541-DD0870927878}.TestDebug|x86.ActiveCfg = TestDebug|Win32
		{73D854F5-54A2-4446-9541-DD0870927878}.TestDebug|x86.Build.0 = TestDebug|Win32
		{BC4F1749-32BC-4295-BA19-6BA135B9A78F}.ConsoleDebug|x64.ActiveCfg = Debug|x64
		{BC4F1749-32BC-4295-BA19-6BA135B9A78F}.ConsoleDebug|x64.Build.0 = Debug|x64
		{BC4F1749-32BC-4295-BA19-6BA135B9A78F}.ConsoleDebug|x86.ActiveCfg = Debug|Win32
		{BC4F1749-32BC-4295-BA19-6BA135B9A78F}.ConsoleDebug|x86.Build.0 = Debug|Win32
		{BC4F1749-32BC-4295-BA19-6BA135B9A78F}.ConsoleRelease|x64.ActiveCfg = Release|x64
		{BC4F1749-32BC-4295-BA19-6BA135B9A78F}.ConsoleRelease|x64.Build.0 = Release|x64
		{BC4F1749-32BC-4295-BA19-6BA135B9A78F}.ConsoleRelease|x86.ActiveCfg = Release|Win32
		{BC4F1749-32BC-4295-BA19-6BA135B9A78F}.ConsoleRelease|x86.Build.0 = Release|Win32
		{BC4F1749-32BC-4295-BA19-6BA135B9A78F}.Debug|x64.ActiveCfg = Debug|x64
		{BC4F1749-32BC-4295-BA19-6BA135B9A78F}.Debug|x64.Build.0 = Debug|x64
		{BC4F1749-32BC-4295-BA19-6BA135B9A78F}.Debug|x86.ActiveCfg = Debug|Win32
		{BC4F1749-32BC-4295-BA19-6BA135B9A78F}.Debug|x86.Build.0 = Debug|Win32
		{BC4F1749-32BC-4295-BA19-6BA135B9A78F}.Release|x64.ActiveCfg = Release|x64
		{BC4F1749-32BC-4295-BA19-6BA135B9A78F}.Release|x64.Build.0 = Release|x64
		{BC4F1749-32BC-4295-BA19-6BA135B9A78F}.Release|x86.ActiveCfg = Release|Win32
		{BC4F1749-32BC-4295-BA19-6BA135B9A78F}.Release|x86.Build.0 = Release|Win32
		{BC4F1749-32BC-4295-BA19-6BA135B9A78F}.TestDebug|x64.ActiveCfg = Debug|x64
		{BC4F1749-32BC-4295-BA19-6BA135B9A78F}.TestDebug|x64.Build.0 = Debug|x64
		{BC4F1749-32BC-4295-BA19-6BA135B9A78F}.TestDebug|x86.ActiveCfg = Debug|Win32
		{BC4F1749-32BC-4295-BA19-6BA135B9A78F}.TestDebug|x86.Build.0 = Debug|Win32
		{5E7530C1-191E-43E7-8BA4-80EC0F3D9AD3}.ConsoleDebug|x64.ActiveCfg = Debug|x64
		{5E7530C1-191E-43E7-8BA4-80EC0F3D9AD3}.ConsoleDebug|x64.Build.0 = Debug|x64
		{5E7530C1-191E-43E7-8BA4-80EC0F3D9AD3}.ConsoleDebug|x86.ActiveCfg = Debug|Win32
		{5E7530C1-191E-43E7-8BA4-80EC0F3D9AD3}.ConsoleDebug|x86.Build.0 = Debug|Win32
		{5E7530C1-191E-43E7-8BA4-80EC0F3D9AD3}.ConsoleRelease|x64.ActiveCfg = Release|x64
		{5E7530C1-191E-43E7-8BA4-80EC0F3D9AD3}.ConsoleRelease|x64.Build.0 = Release|x64
		{5E7530C1-191E-43E7-8BA4-80EC0F3D9AD3}.ConsoleRelease|x86.ActiveCfg = Release|Win32
		{5E7530C1-191E-43E7-8BA4-80EC0F3D9AD3}.ConsoleRelease|x86.Build.0 = Release|Win32
		{5E7530C1-191E-43E7-8BA4-80EC0F3D9AD3}.Debug|x64.ActiveCfg = Debug|x64
		{5E7530C1-191E-43E7-8BA4-80EC0F3D9AD3}.Debug|x64.Build.0 = Debug|x64
		{5E7530C1-191E-43E7-8BA4-80EC0F3D9AD3}.Debug|x86.ActiveCfg = Debug|Win32
		{5E7530C1-191E-43E7-8BA4-80EC0F3D9AD3}.Debug|x86.Build.0 = Debug|Win32
		{5E7530C1-191E-43E7-8BA4-80EC0F3D9AD3}.Release|x64.ActiveCfg = Release|x64
		{5E7530C1-191E-43E7-8BA4-80EC0F3D9AD3}.Release|x64.Build.0 = Release|x64
		{5E7530C1-191E-43E7-8BA4-80EC0F3D9AD3}.Release|x86.ActiveCfg = Release|Win32
		{5E7530C1-191E-43E7-8BA4-80EC0F3D9AD3}.Release|x86.Build.0 = Release|Win32
		{5E7530C1-191E-43E7-8BA4-80EC0F3D9AD3}.TestDebug|x64.ActiveCfg = Debug|x64
		{5E7530C1-191E-43E7-8BA4-80EC0F3D9AD3}.TestDebug|x64.Build.0 = Debug|x64
		{5E7530C1-191E-43E7-8BA4-80EC0F3D9AD3}.TestDebug|x86.ActiveCfg = Debug|Win32
		{5E7530C1-191E-43E7-8BA4-80EC0F3D9AD3}.TestDebug|x86.Build.0 = Debug|Win32
	EndGlobalSection
	GlobalSection(SolutionProperties) = preSolution
		HideSolutionNode = FALSE
	EndGlobalSection
	GlobalSection(ExtensibilityGlobals) = postSolution
		SolutionGuid = {364F0797-A4E9-46FA-88DB-56DC5F5CEB31}
	EndGlobalSection
EndGlobal
