<?xml version="1.0" encoding="utf-8"?>
<Project ToolsVersion="4.0" xmlns="http://schemas.microsoft.com/developer/msbuild/2003">
  <ItemGroup>
    <Filter Include="リソース ファイル">
      <UniqueIdentifier>{67DA6AB6-F800-4c08-8B7A-83BB121AAD01}</UniqueIdentifier>
      <Extensions>rc;ico;cur;bmp;dlg;rc2;rct;bin;rgs;gif;jpg;jpeg;jpe;resx;tiff;tif;png;wav;mfcribbon-ms</Extensions>
    </Filter>
    <Filter Include="Rachet">
      <UniqueIdentifier>{ee6ebebb-e1b2-41b5-8a2e-5cbe8cd42389}</UniqueIdentifier>
    </Filter>
    <Filter Include="Rachet\Header">
      <UniqueIdentifier>{93995380-89BD-4b04-88EB-625FBE52EBFB}</UniqueIdentifier>
      <Extensions>h;hh;hpp;hxx;h++;hm;inl;inc;ipp;xsd</Extensions>
    </Filter>
    <Filter Include="Rachet\Source">
      <UniqueIdentifier>{4FC737F1-C7A5-4376-A066-2A32D752A2FF}</UniqueIdentifier>
      <Extensions>cpp;c;cc;cxx;c++;cppm;ixx;def;odl;idl;hpj;bat;asm;asmx</Extensions>
    </Filter>
    <Filter Include="Rachet\Source\Camera">
      <UniqueIdentifier>{495f56d1-f6dc-42a4-8088-b13d3c2a6641}</UniqueIdentifier>
    </Filter>
    <Filter Include="Rachet\Header\Camera">
      <UniqueIdentifier>{27b42ee6-6a36-45aa-bfcd-ed554edeb5fd}</UniqueIdentifier>
    </Filter>
    <Filter Include="Rachet\Header\Game">
      <UniqueIdentifier>{9f8b624c-8281-4519-883c-3ff8a2e8a69e}</UniqueIdentifier>
    </Filter>
    <Filter Include="Rachet\Source\Game">
      <UniqueIdentifier>{2496ac41-fe9a-4995-b36c-2cb20993aa75}</UniqueIdentifier>
    </Filter>
    <Filter Include="リソース ファイル\save">
      <UniqueIdentifier>{df540a94-66f5-4b59-a889-76236bcb6e05}</UniqueIdentifier>
    </Filter>
    <Filter Include="Rachet\Header\Factory">
      <UniqueIdentifier>{b96171b7-57c7-4532-aba0-a5aeb2ee59f8}</UniqueIdentifier>
    </Filter>
    <Filter Include="Rachet\Header\Weapon">
      <UniqueIdentifier>{afd19543-1ace-4d8d-b8ba-b79ef6b2e90e}</UniqueIdentifier>
    </Filter>
    <Filter Include="Rachet\Source\Weapon">
      <UniqueIdentifier>{3c9a9cde-1a27-4fd2-8a7d-1a44475340cb}</UniqueIdentifier>
    </Filter>
    <Filter Include="Rachet\Base">
      <UniqueIdentifier>{e90bc59d-2869-42a3-b9b4-eeaab95aefe5}</UniqueIdentifier>
    </Filter>
    <Filter Include="Rachet\Base\Core">
      <UniqueIdentifier>{3e39f7d1-16ce-4f33-988b-1281ed8a9b3d}</UniqueIdentifier>
    </Filter>
    <Filter Include="Rachet\Base\Core\Source">
      <UniqueIdentifier>{b97fd4ae-f345-4301-af9e-62f0f5c29f61}</UniqueIdentifier>
    </Filter>
    <Filter Include="Rachet\Base\Core\Header">
      <UniqueIdentifier>{7e25563b-f84d-47fd-b72e-7bccf029481c}</UniqueIdentifier>
    </Filter>
    <Filter Include="Rachet\Base\UI">
      <UniqueIdentifier>{e94b31d8-b9c0-47a1-9ee7-a0039b177dd6}</UniqueIdentifier>
    </Filter>
    <Filter Include="Rachet\Base\UI\Header">
      <UniqueIdentifier>{42590ba1-ab9f-4376-927a-d3b233943d32}</UniqueIdentifier>
    </Filter>
    <Filter Include="Rachet\Base\UI\Source">
      <UniqueIdentifier>{2a9fe089-d3cc-4c0a-8410-eb242e21963d}</UniqueIdentifier>
    </Filter>
    <Filter Include="Rachet\Source\Stage">
      <UniqueIdentifier>{70c1c10e-2efe-456e-9716-08f7f34c7d09}</UniqueIdentifier>
    </Filter>
    <Filter Include="Rachet\Header\Stage">
      <UniqueIdentifier>{8e63c488-eb09-44ad-886f-0fa333e29194}</UniqueIdentifier>
    </Filter>
    <Filter Include="Rachet\Source\Character">
      <UniqueIdentifier>{a342c8dc-3904-4dac-93bf-0039bf0fa15f}</UniqueIdentifier>
    </Filter>
    <Filter Include="Rachet\Header\Character">
      <UniqueIdentifier>{14dd5eb3-eca1-4e3e-9ed0-5bfbe23882aa}</UniqueIdentifier>
    </Filter>
    <Filter Include="Rachet\Source\GameSystem">
      <UniqueIdentifier>{86d89cd3-d5cf-4956-9342-e24ea9a9c09a}</UniqueIdentifier>
    </Filter>
    <Filter Include="Rachet\Header\GameSystem">
      <UniqueIdentifier>{2369b452-7079-464c-9c15-f8e8fa725391}</UniqueIdentifier>
    </Filter>
    <Filter Include="Rachet\Header\GameSystem\Save">
      <UniqueIdentifier>{f003a0ab-3dfb-4c88-a0d0-374ea0594296}</UniqueIdentifier>
    </Filter>
    <Filter Include="Rachet\Source\GameSystem\Save">
      <UniqueIdentifier>{aeae01bb-2344-4ed7-aca5-8557089776ed}</UniqueIdentifier>
    </Filter>
    <Filter Include="Rachet\Header\UI">
      <UniqueIdentifier>{c13108cd-858b-4ced-aa58-12a69c04f9c2}</UniqueIdentifier>
    </Filter>
    <Filter Include="Rachet\Source\UI">
      <UniqueIdentifier>{1b271a1a-f8dd-44bd-b429-aeb12db7154e}</UniqueIdentifier>
    </Filter>
    <Filter Include="Rachet\Header\Behaviour">
      <UniqueIdentifier>{4a4faf05-3de1-453e-b178-5e002fbd50b3}</UniqueIdentifier>
    </Filter>
    <Filter Include="Rachet\Header\Behaviour\Executor">
      <UniqueIdentifier>{9b9a0cb9-7ce1-4835-a648-dac4259153c8}</UniqueIdentifier>
    </Filter>
    <Filter Include="Rachet\Header\Behaviour\Node">
      <UniqueIdentifier>{c5513471-6a03-479d-b8c3-ba7d84591e9b}</UniqueIdentifier>
    </Filter>
  </ItemGroup>
  <ItemGroup>
    <ClCompile Include="GameApp.cpp">
      <Filter>Rachet\Source</Filter>
    </ClCompile>
    <ClCompile Include="WinMain.cpp">
      <Filter>Rachet</Filter>
    </ClCompile>
    <ClCompile Include="..\include\My\Core\State.cpp">
      <Filter>Rachet\Base\Core\Source</Filter>
    </ClCompile>
    <ClCompile Include="..\include\My\Core\StateMachine.cpp">
      <Filter>Rachet\Base\Core\Source</Filter>
    </ClCompile>
    <ClCompile Include="..\include\My\UI\UICanvas.cpp">
      <Filter>Rachet\Base\UI\Source</Filter>
    </ClCompile>
    <ClCompile Include="..\include\My\UI\UIItem.cpp">
      <Filter>Rachet\Base\UI\Source</Filter>
    </ClCompile>
    <ClCompile Include="..\include\My\UI\UIPanel.cpp">
      <Filter>Rachet\Base\UI\Source</Filter>
    </ClCompile>
    <ClCompile Include="Actor.cpp">
      <Filter>Rachet\Source</Filter>
    </ClCompile>
    <ClCompile Include="Camera\CameraController.cpp">
      <Filter>Rachet\Source\Camera</Filter>
    </ClCompile>
    <ClCompile Include="Camera\CameraLocator.cpp">
      <Filter>Rachet\Source\Camera</Filter>
    </ClCompile>
    <ClCompile Include="Camera\CameraManager.cpp">
      <Filter>Rachet\Source\Camera</Filter>
    </ClCompile>
    <ClCompile Include="Camera\Camera.cpp">
      <Filter>Rachet\Source\Camera</Filter>
    </ClCompile>
    <ClCompile Include="Game\GameManager.cpp">
      <Filter>Rachet\Source\Game</Filter>
    </ClCompile>
    <ClCompile Include="Game\Renderer.cpp">
      <Filter>Rachet\Source\Game</Filter>
    </ClCompile>
    <ClCompile Include="ResourceLocator.cpp">
      <Filter>Rachet\Source</Filter>
    </ClCompile>
    <ClCompile Include="Weapon\BombGlove.cpp">
      <Filter>Rachet\Source\Weapon</Filter>
    </ClCompile>
    <ClCompile Include="Weapon\Mechanical.cpp">
      <Filter>Rachet\Source\Weapon</Filter>
    </ClCompile>
    <ClCompile Include="Weapon\OmniWrench.cpp">
      <Filter>Rachet\Source\Weapon</Filter>
    </ClCompile>
    <ClCompile Include="Weapon\Pyrocitor.cpp">
      <Filter>Rachet\Source\Weapon</Filter>
    </ClCompile>
    <ClCompile Include="Weapon\Weapon.cpp">
      <Filter>Rachet\Source\Weapon</Filter>
    </ClCompile>
    <ClCompile Include="Gamepad.cpp">
      <Filter>Rachet\Source</Filter>
    </ClCompile>
    <ClCompile Include="Character\Player.cpp">
      <Filter>Rachet\Source\Character</Filter>
    </ClCompile>
    <ClCompile Include="Character\Character.cpp">
      <Filter>Rachet\Source\Character</Filter>
    </ClCompile>
    <ClCompile Include="GameSystem\QuickChangeSystem.cpp">
      <Filter>Rachet\Source\GameSystem</Filter>
    </ClCompile>
    <ClCompile Include="GameSystem\WeaponSystem.cpp">
      <Filter>Rachet\Source\GameSystem</Filter>
    </ClCompile>
    <ClCompile Include="GameSystem\GameMoney.cpp">
      <Filter>Rachet\Source\GameSystem</Filter>
    </ClCompile>
    <ClCompile Include="GameSystem\Save\SaveSystem.cpp">
      <Filter>Rachet\Source\GameSystem\Save</Filter>
    </ClCompile>
    <ClCompile Include="GameSystem\Save\SaveData.cpp">
      <Filter>Rachet\Source\GameSystem\Save</Filter>
    </ClCompile>
    <ClCompile Include="..\include\My\UI\CanvasLocator.cpp">
      <Filter>Rachet\Base\UI\Source</Filter>
    </ClCompile>
    <ClCompile Include="UI\QuickChangeMenu.cpp">
      <Filter>Rachet\Source\UI</Filter>
    </ClCompile>
    <ClCompile Include="Character\Enemy.cpp">
      <Filter>Rachet\Source\Character</Filter>
    </ClCompile>
    <ClCompile Include="SightRecognition.cpp">
      <Filter>Rachet\Source</Filter>
    </ClCompile>
    <ClCompile Include="Stage\Stage.cpp">
      <Filter>Rachet\Source\Stage</Filter>
    </ClCompile>
    <ClCompile Include="Game\GameWorld.cpp">
      <Filter>Rachet\Source\Game</Filter>
    </ClCompile>
    <ClCompile Include="Velocity.cpp">
      <Filter>Rachet\Source</Filter>
    </ClCompile>
  </ItemGroup>
  <ItemGroup>
    <ClInclude Include="..\include\My\Core\Define.h">
      <Filter>Rachet\Base\Core\Header</Filter>
    </ClInclude>
    <ClInclude Include="..\include\My\Core\Header.h">
      <Filter>Rachet\Base\Core\Header</Filter>
    </ClInclude>
    <ClInclude Include="..\include\My\Core\Math.h">
      <Filter>Rachet\Base\Core\Header</Filter>
    </ClInclude>
    <ClInclude Include="..\include\My\Core\Observable.h">
      <Filter>Rachet\Base\Core\Header</Filter>
    </ClInclude>
    <ClInclude Include="..\include\My\Core\Observer.h">
      <Filter>Rachet\Base\Core\Header</Filter>
    </ClInclude>
    <ClInclude Include="..\include\My\Core\ServiceLocator.h">
      <Filter>Rachet\Base\Core\Header</Filter>
    </ClInclude>
    <ClInclude Include="..\include\My\Core\State.h">
      <Filter>Rachet\Base\Core\Header</Filter>
    </ClInclude>
    <ClInclude Include="..\include\My\Core\StateMachine.h">
      <Filter>Rachet\Base\Core\Header</Filter>
    </ClInclude>
    <ClInclude Include="..\include\My\Core\Trait.h">
      <Filter>Rachet\Base\Core\Header</Filter>
    </ClInclude>
    <ClInclude Include="..\include\My\Core\Utility.h">
      <Filter>Rachet\Base\Core\Header</Filter>
    </ClInclude>
    <ClInclude Include="..\include\My\UI\UICanvas.h">
      <Filter>Rachet\Base\UI\Header</Filter>
    </ClInclude>
    <ClInclude Include="..\include\My\UI\UIPanel.h">
      <Filter>Rachet\Base\UI\Header</Filter>
    </ClInclude>
    <ClInclude Include="..\include\My\UI\UIItem.h">
      <Filter>Rachet\Base\UI\Header</Filter>
    </ClInclude>
    <ClInclude Include="GameApp.h">
      <Filter>Rachet\Header</Filter>
    </ClInclude>
    <ClInclude Include="Actor.h">
      <Filter>Rachet\Header</Filter>
    </ClInclude>
    <ClInclude Include="Camera\CameraController.h">
      <Filter>Rachet\Header\Camera</Filter>
    </ClInclude>
    <ClInclude Include="Camera\CameraLocator.h">
      <Filter>Rachet\Header\Camera</Filter>
    </ClInclude>
    <ClInclude Include="Camera\CameraManager.h">
      <Filter>Rachet\Header\Camera</Filter>
    </ClInclude>
    <ClInclude Include="Camera\Camera.h">
      <Filter>Rachet\Header\Camera</Filter>
    </ClInclude>
    <ClInclude Include="Game\GameManager.h">
      <Filter>Rachet\Header\Game</Filter>
    </ClInclude>
    <ClInclude Include="Game\Renderer.h">
      <Filter>Rachet\Header\Game</Filter>
    </ClInclude>
    <ClInclude Include="GameDefine.h">
      <Filter>Rachet\Header</Filter>
    </ClInclude>
    <ClInclude Include="Weapon\Mechanical.h">
      <Filter>Rachet\Header\Weapon</Filter>
    </ClInclude>
    <ClInclude Include="Weapon\OmniWrench.h">
      <Filter>Rachet\Header\Weapon</Filter>
    </ClInclude>
    <ClInclude Include="Weapon\Pyrocitor.h">
      <Filter>Rachet\Header\Weapon</Filter>
    </ClInclude>
    <ClInclude Include="Weapon\Weapon.h">
      <Filter>Rachet\Header\Weapon</Filter>
    </ClInclude>
    <ClInclude Include="Weapon\BombGlove.h">
      <Filter>Rachet\Header\Weapon</Filter>
    </ClInclude>
    <ClInclude Include="Factory\Factory.h">
      <Filter>Rachet\Header\Factory</Filter>
    </ClInclude>
    <ClInclude Include="Factory\Creator.h">
      <Filter>Rachet\Header\Factory</Filter>
    </ClInclude>
    <ClInclude Include="ResourceLocator.h">
      <Filter>Rachet\Header</Filter>
    </ClInclude>
    <ClInclude Include="ResourceManager.h">
      <Filter>Rachet\Header</Filter>
    </ClInclude>
    <ClInclude Include="Gamepad.h">
      <Filter>Rachet\Header</Filter>
    </ClInclude>
    <ClInclude Include="resource.h">
      <Filter>Rachet\Header</Filter>
    </ClInclude>
    <ClInclude Include="Character\Character.h">
      <Filter>Rachet\Header\Character</Filter>
    </ClInclude>
    <ClInclude Include="Character\Player.h">
      <Filter>Rachet\Header\Character</Filter>
    </ClInclude>
    <ClInclude Include="GameSystem\GameMoney.h">
      <Filter>Rachet\Header\GameSystem</Filter>
    </ClInclude>
    <ClInclude Include="GameSystem\QuickChangeSystem.h">
      <Filter>Rachet\Header\GameSystem</Filter>
    </ClInclude>
    <ClInclude Include="GameSystem\WeaponSystem.h">
      <Filter>Rachet\Header\GameSystem</Filter>
    </ClInclude>
    <ClInclude Include="GameSystem\Save\SaveData.h">
      <Filter>Rachet\Header\GameSystem\Save</Filter>
    </ClInclude>
    <ClInclude Include="GameSystem\Save\SaveSystem.h">
      <Filter>Rachet\Header\GameSystem\Save</Filter>
    </ClInclude>
    <ClInclude Include="..\include\My\UI\CanvasLocator.h">
      <Filter>Rachet\Base\UI\Header</Filter>
    </ClInclude>
    <ClInclude Include="UI\QuickChangeMenu.h">
      <Filter>Rachet\Header\UI</Filter>
    </ClInclude>
    <ClInclude Include="Character\Enemy.h">
      <Filter>Rachet\Header\Character</Filter>
    </ClInclude>
    <ClInclude Include="..\include\My\Core\AbstructContainer.h">
      <Filter>Rachet\Base\Core\Header</Filter>
    </ClInclude>
    <ClInclude Include="SightRecognition.h">
      <Filter>Rachet\Header</Filter>
    </ClInclude>
    <ClInclude Include="Stage\Stage.h">
      <Filter>Rachet\Header\Stage</Filter>
    </ClCompile>
    <ClInclude Include="Game\GameWorld.h">
      <Filter>Rachet\Header\Game</Filter>
    </ClInclude>
    <ClInclude Include="Velocity.h">
      <Filter>Rachet\Header</Filter>
    </ClInclude>
    <ClInclude Include="Behaviour\Node\Node.h">
      <Filter>Rachet\Header\Behaviour\Node</Filter>
    </ClInclude>
    <ClInclude Include="Behaviour\Node\ActionNode.h">
      <Filter>Rachet\Header\Behaviour\Node</Filter>
    </ClInclude>
    <ClInclude Include="Behaviour\Executor\INodeExecutor.h">
      <Filter>Rachet\Header\Behaviour\Executor</Filter>
    </ClInclude>
    <ClInclude Include="Behaviour\Executor\NodeExecutor.h">
      <Filter>Rachet\Header\Behaviour\Executor</Filter>
    </ClInclude>
    <ClInclude Include="Behaviour\Executor\ActionNodeExecutor.h">
      <Filter>Rachet\Header\Behaviour\Executor</Filter>
    </ClInclude>
    <ClInclude Include="Behaviour\Node\SelectorNode.h">
      <Filter>Rachet\Header\Behaviour\Node</Filter>
    </ClInclude>
    <ClInclude Include="Behaviour\Node\CompositeNode.h">
      <Filter>Rachet\Header\Behaviour\Node</Filter>
    </ClInclude>
    <ClInclude Include="Behaviour\Executor\SelectorNodeExecutor.h">
      <Filter>Rachet\Header\Behaviour\Executor</Filter>
    </ClInclude>
    <ClInclude Include="Behaviour\Executor\CompositeNodeExecutor.h">
      <Filter>Rachet\Header\Behaviour\Executor</Filter>
    </ClInclude>
    <ClInclude Include="Behaviour\Executor\SequencerNodeExecutor.h">
      <Filter>Rachet\Header\Behaviour\Executor</Filter>
    </ClInclude>
    <ClInclude Include="Behaviour\Node\SequencerNode.h">
      <Filter>Rachet\Header\Behaviour\Node</Filter>
    </ClInclude>
    <ClInclude Include="Behaviour\Node\ParameterNode.h">
      <Filter>Rachet\Header\Behaviour\Node</Filter>
    </ClInclude>
    <ClInclude Include="Behaviour\Executor\ConditionalNodeExecutor.h">
      <Filter>Rachet\Header\Behaviour\Executor</Filter>
    </ClInclude>
    <ClInclude Include="Behaviour\Node\ConditionalNode.h">
      <Filter>Rachet\Header\Behaviour\Node</Filter>
    </ClInclude>
    <ClInclude Include="Behaviour\Node\DecoratorNode.h">
      <Filter>Rachet\Header\Behaviour\Node</Filter>
    </ClInclude>
    <ClInclude Include="Behaviour\Node\SimplexNode.h">
      <Filter>Rachet\Header\Behaviour\Node</Filter>
    </ClInclude>
    <ClInclude Include="Behaviour\Executor\SimplexNodeExecutor.h">
      <Filter>Rachet\Header\Behaviour\Executor</Filter>
    </ClInclude>
    <ClInclude Include="Behaviour\Executor\DecoratorNodeExecutor.h">
      <Filter>Rachet\Header\Behaviour\Executor</Filter>
    </ClInclude>
  </ItemGroup>
  <ItemGroup>
    <Text Include="..\Resource\resource_path.txt">
      <Filter>リソース ファイル</Filter>
    </Text>
  </ItemGroup>
  <ItemGroup>
    <None Include="..\Resource\save\savedata.json">
      <Filter>リソース ファイル\save</Filter>
    </None>
  </ItemGroup>
  <ItemGroup>
    <ResourceCompile Include="RachetApplication.rc">
      <Filter>リソース ファイル</Filter>
    </ResourceCompile>
  </ItemGroup>
</Project>