<?xml version="1.0" encoding="utf-8"?>
<Project ToolsVersion="4.0" xmlns="http://schemas.microsoft.com/developer/msbuild/2003">
  <ItemGroup>
    <Filter Include="Test">
      <UniqueIdentifier>{f8226ed8-78a5-48f5-addf-41082b42d548}</UniqueIdentifier>
    </Filter>
    <Filter Include="Resource">
      <UniqueIdentifier>{67DA6AB6-F800-4c08-8B7A-83BB121AAD01}</UniqueIdentifier>
      <Extensions>rc;ico;cur;bmp;dlg;rc2;rct;bin;rgs;gif;jpg;jpeg;jpe;resx;tiff;tif;png;wav;mfcribbon-ms</Extensions>
    </Filter>
    <Filter Include="Test\Base">
      <UniqueIdentifier>{76ed52c4-a657-481c-8cdf-2901affa03bd}</UniqueIdentifier>
    </Filter>
    <Filter Include="Test\Source">
      <UniqueIdentifier>{4FC737F1-C7A5-4376-A066-2A32D752A2FF}</UniqueIdentifier>
      <Extensions>cpp;c;cc;cxx;c++;cppm;ixx;def;odl;idl;hpj;bat;asm;asmx</Extensions>
    </Filter>
    <Filter Include="Test\Header">
      <UniqueIdentifier>{93995380-89BD-4b04-88EB-625FBE52EBFB}</UniqueIdentifier>
      <Extensions>h;hh;hpp;hxx;h++;hm;inl;inc;ipp;xsd</Extensions>
    </Filter>
    <Filter Include="Test\Base\Core">
      <UniqueIdentifier>{4a76d441-3fb0-4c94-a88a-5537cb1f1f11}</UniqueIdentifier>
    </Filter>
    <Filter Include="Test\Base\UI">
      <UniqueIdentifier>{d5e4056b-9fb9-4882-8c9e-bd3dbc7f0af2}</UniqueIdentifier>
    </Filter>
    <Filter Include="Test\Source\Game">
      <UniqueIdentifier>{044d16ea-f6b7-49e4-a1a3-052e601d606d}</UniqueIdentifier>
    </Filter>
    <Filter Include="Test\Source\Game\GameSystem">
      <UniqueIdentifier>{388a7780-b98f-4504-a2c0-d2e94d6d6869}</UniqueIdentifier>
    </Filter>
    <Filter Include="Test\Source\Game\GameSystem\Save">
      <UniqueIdentifier>{502abb5d-98a9-498e-bdbd-2b1224ebd4f3}</UniqueIdentifier>
    </Filter>
    <Filter Include="Test\Source\UI">
      <UniqueIdentifier>{81b80ef8-4863-4baa-abbc-91bbc7d00581}</UniqueIdentifier>
    </Filter>
  </ItemGroup>
  <ItemGroup>
    <ClCompile Include="TestApp.cpp">
      <Filter>Test</Filter>
    </ClCompile>
    <ClCompile Include="WinMain.cpp">
      <Filter>Test</Filter>
    </ClCompile>
    <ClCompile Include="..\include\Base\Core\State.cpp">
      <Filter>Test\Base\Core</Filter>
    </ClCompile>
    <ClCompile Include="..\include\Base\Core\StateMachine.cpp">
      <Filter>Test\Base\Core</Filter>
    </ClCompile>
    <ClCompile Include="..\include\Base\Core\Timer.cpp">
      <Filter>Test\Base\Core</Filter>
    </ClCompile>
    <ClCompile Include="..\ratchetApplication\Gamepad.cpp">
      <Filter>Test\Source</Filter>
    </ClCompile>
    <ClCompile Include="..\include\Base\UI\UIItem.cpp">
      <Filter>Test\Base\UI</Filter>
    </ClCompile>
    <ClCompile Include="..\include\Base\UI\UIPanel.cpp">
      <Filter>Test\Base\UI</Filter>
    </ClCompile>
    <ClCompile Include="..\include\Base\UI\UICanvas.cpp">
      <Filter>Test\Base\UI</Filter>
    </ClCompile>
    <ClCompile Include="..\ratchetApplication\Game\GameSystem\GameSystem.cpp">
      <Filter>Test\Source\Game\GameSystem</Filter>
    </ClCompile>
    <ClCompile Include="..\ratchetApplication\Game\GameSystem\HelpDesk.cpp">
      <Filter>Test\Source\Game\GameSystem</Filter>
    </ClCompile>
    <ClCompile Include="..\ratchetApplication\Game\GameSystem\QuickChangeSystem.cpp">
      <Filter>Test\Source\Game\GameSystem</Filter>
    </ClCompile>
    <ClCompile Include="..\ratchetApplication\Game\GameSystem\ShopSystem.cpp">
      <Filter>Test\Source\Game\GameSystem</Filter>
    </ClCompile>
    <ClCompile Include="..\ratchetApplication\Game\GameSystem\WeaponSystem.cpp">
      <Filter>Test\Source\Game\GameSystem</Filter>
    </ClCompile>
    <ClCompile Include="..\ratchetApplication\Game\GameSystem\GameMoney.cpp">
      <Filter>Test\Source\Game\GameSystem</Filter>
    </ClCompile>
    <ClCompile Include="..\ratchetApplication\Game\GameSystem\GameQuest.cpp">
      <Filter>Test\Source\Game\GameSystem</Filter>
    </ClCompile>
    <ClCompile Include="..\ratchetApplication\Game\GameSystem\Save\SaveSystem.cpp">
      <Filter>Test\Source\Game\GameSystem\Save</Filter>
    </ClCompile>
    <ClCompile Include="..\ratchetApplication\Game\GameSystem\Save\SaveData.cpp">
      <Filter>Test\Source\Game\GameSystem\Save</Filter>
    </ClCompile>
    <ClCompile Include="..\ratchetApplication\Game\GameManager.cpp">
      <Filter>Test\Source\Game</Filter>
    </ClCompile>
    <ClCompile Include="..\ratchetApplication\UI\HelpDeskMenu.cpp">
      <Filter>Test\Source\UI</Filter>
    </ClCompile>
    <ClCompile Include="..\ratchetApplication\UI\LockOnCursorMenu.cpp">
      <Filter>Test\Source\UI</Filter>
    </ClCompile>
    <ClCompile Include="..\ratchetApplication\UI\NanotechMenu.cpp">
      <Filter>Test\Source\UI</Filter>
    </ClCompile>
    <ClCompile Include="..\ratchetApplication\UI\QuickChangeMenu.cpp">
      <Filter>Test\Source\UI</Filter>
    </ClCompile>
    <ClCompile Include="..\ratchetApplication\UI\ShopSystemMenu.cpp">
      <Filter>Test\Source\UI</Filter>
    </ClCompile>
    <ClCompile Include="..\ratchetApplication\UI\EquipmentWeaponMenu.cpp">
      <Filter>Test\Source\UI</Filter>
    </ClCompile>
    <ClCompile Include="..\ratchetApplication\UI\GameMoneyMenu.cpp">
      <Filter>Test\Source\UI</Filter>
    </ClCompile>
    <ClCompile Include="..\ratchetApplication\Actor.cpp">
      <Filter>Test\Source</Filter>
    </ClCompile>
  </ItemGroup>
  <ItemGroup>
    <ClInclude Include="TestApp.h">
      <Filter>Test</Filter>
    </ClInclude>
    <ClInclude Include="..\include\Base\Core\Observable.h">
      <Filter>Test\Base\Core</Filter>
    </ClInclude>
    <ClInclude Include="..\include\Base\Core\Observer.h">
      <Filter>Test\Base\Core</Filter>
    </ClInclude>
    <ClInclude Include="..\include\Base\Core\ServiceLocator.h">
      <Filter>Test\Base\Core</Filter>
    </ClInclude>
    <ClInclude Include="..\include\Base\Core\State.h">
      <Filter>Test\Base\Core</Filter>
    </ClInclude>
    <ClInclude Include="..\include\Base\Core\StateMachine.h">
      <Filter>Test\Base\Core</Filter>
    </ClInclude>
    <ClInclude Include="..\include\Base\Core\Timer.h">
      <Filter>Test\Base\Core</Filter>
    </ClInclude>
    <ClInclude Include="..\include\Base\Core\Trait.h">
      <Filter>Test\Base\Core</Filter>
    </ClInclude>
    <ClInclude Include="..\include\Base\Core\Utility.h">
      <Filter>Test\Base\Core</Filter>
    </ClInclude>
    <ClInclude Include="..\include\Base\Core\AbstructContainer.h">
      <Filter>Test\Base\Core</Filter>
    </ClInclude>
    <ClInclude Include="..\include\Base\Core\Define.h">
      <Filter>Test\Base\Core</Filter>
    </ClInclude>
    <ClInclude Include="..\include\Base\Core\FunctionPointerContainer.h">
      <Filter>Test\Base\Core</Filter>
    </ClInclude>
    <ClInclude Include="..\include\Base\Core\Header.h">
      <Filter>Test\Base\Core</Filter>
    </ClInclude>
    <ClInclude Include="..\include\Base\Core\Math.h">
      <Filter>Test\Base\Core</Filter>
    </ClInclude>
    <ClInclude Include="..\ratchetApplication\Gamepad.h">
      <Filter>Test\Header</Filter>
    </ClInclude>
    <ClInclude Include="..\include\Base\UI\UICanvas.h">
      <Filter>Test\Base\UI</Filter>
    </ClInclude>
    <ClInclude Include="..\include\Base\UI\UIItem.h">
      <Filter>Test\Base\UI</Filter>
    </ClInclude>
    <ClInclude Include="..\include\Base\UI\UIPanel.h">
      <Filter>Test\Base\UI</Filter>
    </ClInclude>
    <ClInclude Include="..\ratchetApplication\Game\GameSystem\GameSystem.h">
      <Filter>Test\Source\Game\GameSystem</Filter>
    </ClInclude>
    <ClInclude Include="..\ratchetApplication\Game\GameSystem\HelpDesk.h">
      <Filter>Test\Source\Game\GameSystem</Filter>
    </ClInclude>
    <ClInclude Include="..\ratchetApplication\Game\GameSystem\QuickChangeSystem.h">
      <Filter>Test\Source\Game\GameSystem</Filter>
    </ClInclude>
    <ClInclude Include="..\ratchetApplication\Game\GameSystem\ShopSystem.h">
      <Filter>Test\Source\Game\GameSystem</Filter>
    </ClInclude>
    <ClInclude Include="..\ratchetApplication\Game\GameSystem\WeaponSystem.h">
      <Filter>Test\Source\Game\GameSystem</Filter>
    </ClInclude>
    <ClInclude Include="..\ratchetApplication\Game\GameSystem\GameMoney.h">
      <Filter>Test\Source\Game\GameSystem</Filter>
    </ClInclude>
    <ClInclude Include="..\ratchetApplication\Game\GameSystem\GameQuest.h">
      <Filter>Test\Source\Game\GameSystem</Filter>
    </ClInclude>
    <ClInclude Include="..\ratchetApplication\Game\GameSystem\Save\SaveData.h">
      <Filter>Test\Source\Game\GameSystem\Save</Filter>
    </ClInclude>
    <ClInclude Include="..\ratchetApplication\Game\GameSystem\Save\SaveSystem.h">
      <Filter>Test\Source\Game\GameSystem\Save</Filter>
    </ClInclude>
    <ClInclude Include="..\ratchetApplication\Game\GameManager.h">
      <Filter>Test\Source\Game</Filter>
    </ClInclude>
    <ClInclude Include="..\ratchetApplication\GameApp.h">
      <Filter>Test\Header</Filter>
    </ClInclude>
    <ClInclude Include="..\ratchetApplication\GameDefine.h">
      <Filter>Test\Header</Filter>
    </ClInclude>
    <ClInclude Include="..\ratchetApplication\ResourceManager.h">
      <Filter>Test\Header</Filter>
    </ClInclude>
    <ClInclude Include="..\ratchetApplication\UI\HelpDeskMenu.h">
      <Filter>Test\Source\UI</Filter>
    </ClInclude>
    <ClInclude Include="..\ratchetApplication\UI\LockOnCursorMenu.h">
      <Filter>Test\Source\UI</Filter>
    </ClInclude>
    <ClInclude Include="..\ratchetApplication\UI\NanotechMenu.h">
      <Filter>Test\Source\UI</Filter>
    </ClInclude>
    <ClInclude Include="..\ratchetApplication\UI\QuickChangeMenu.h">
      <Filter>Test\Source\UI</Filter>
    </ClInclude>
    <ClInclude Include="..\ratchetApplication\UI\ShopSystemMenu.h">
      <Filter>Test\Source\UI</Filter>
    </ClInclude>
    <ClInclude Include="..\ratchetApplication\UI\EquipmentWeaponMenu.h">
      <Filter>Test\Source\UI</Filter>
    </ClInclude>
    <ClInclude Include="..\ratchetApplication\UI\GameMoneyMenu.h">
      <Filter>Test\Source\UI</Filter>
    </ClInclude>
    <ClInclude Include="..\ratchetApplication\Actor.h">
      <Filter>Test\Source</Filter>
    </ClInclude>
  </ItemGroup>
</Project>